// !$*UTF8*$!
{
	archiveVersion = 1;
	classes = {
	};
	objectVersion = 50;
	objects = {

/* Begin PBXBuildFile section */
		6AC40F01265295EE00EC5E40 /* WalkOnApp.swift in Sources */ = {isa = PBXBuildFile; fileRef = 6AC40F00265295EE00EC5E40 /* WalkOnApp.swift */; };
		6AC40F03265295EE00EC5E40 /* ContentView.swift in Sources */ = {isa = PBXBuildFile; fileRef = 6AC40F02265295EE00EC5E40 /* ContentView.swift */; };
		6AC40F05265295EF00EC5E40 /* Assets.xcassets in Resources */ = {isa = PBXBuildFile; fileRef = 6AC40F04265295EF00EC5E40 /* Assets.xcassets */; };
		6AC40F08265295EF00EC5E40 /* Preview Assets.xcassets in Resources */ = {isa = PBXBuildFile; fileRef = 6AC40F07265295EF00EC5E40 /* Preview Assets.xcassets */; };
		6AC40F13265295EF00EC5E40 /* WalkOnTests.swift in Sources */ = {isa = PBXBuildFile; fileRef = 6AC40F12265295EF00EC5E40 /* WalkOnTests.swift */; };
/* End PBXBuildFile section */

/* Begin PBXContainerItemProxy section */
		6AC40F0F265295EF00EC5E40 /* PBXContainerItemProxy */ = {
			isa = PBXContainerItemProxy;
			containerPortal = 6AC40EF5265295EE00EC5E40 /* Project object */;
			proxyType = 1;
			remoteGlobalIDString = 6AC40EFC265295EE00EC5E40;
			remoteInfo = WalkOn;
		};
/* End PBXContainerItemProxy section */

/* Begin PBXFileReference section */
		6AC40EFD265295EE00EC5E40 /* WalkOn.app */ = {isa = PBXFileReference; explicitFileType = wrapper.application; includeInIndex = 0; path = WalkOn.app; sourceTree = BUILT_PRODUCTS_DIR; };
		6AC40F00265295EE00EC5E40 /* WalkOnApp.swift */ = {isa = PBXFileReference; lastKnownFileType = sourcecode.swift; path = WalkOnApp.swift; sourceTree = "<group>"; };
		6AC40F02265295EE00EC5E40 /* ContentView.swift */ = {isa = PBXFileReference; lastKnownFileType = sourcecode.swift; path = ContentView.swift; sourceTree = "<group>"; };
		6AC40F04265295EF00EC5E40 /* Assets.xcassets */ = {isa = PBXFileReference; lastKnownFileType = folder.assetcatalog; path = Assets.xcassets; sourceTree = "<group>"; };
		6AC40F07265295EF00EC5E40 /* Preview Assets.xcassets */ = {isa = PBXFileReference; lastKnownFileType = folder.assetcatalog; path = "Preview Assets.xcassets"; sourceTree = "<group>"; };
		6AC40F09265295EF00EC5E40 /* Info.plist */ = {isa = PBXFileReference; lastKnownFileType = text.plist.xml; path = Info.plist; sourceTree = "<group>"; };
		6AC40F0E265295EF00EC5E40 /* WalkOnTests.xctest */ = {isa = PBXFileReference; explicitFileType = wrapper.cfbundle; includeInIndex = 0; path = WalkOnTests.xctest; sourceTree = BUILT_PRODUCTS_DIR; };
		6AC40F12265295EF00EC5E40 /* WalkOnTests.swift */ = {isa = PBXFileReference; lastKnownFileType = sourcecode.swift; path = WalkOnTests.swift; sourceTree = "<group>"; };
		6AC40F14265295EF00EC5E40 /* Info.plist */ = {isa = PBXFileReference; lastKnownFileType = text.plist.xml; path = Info.plist; sourceTree = "<group>"; };
		6AC40F1D265295EF00EC5E40 /* WalkOnUITests.swift */ = {isa = PBXFileReference; lastKnownFileType = sourcecode.swift; path = WalkOnUITests.swift; sourceTree = "<group>"; };
		6AC40F1F265295EF00EC5E40 /* Info.plist */ = {isa = PBXFileReference; lastKnownFileType = text.plist.xml; path = Info.plist; sourceTree = "<group>"; };
/* End PBXFileReference section */

/* Begin PBXFrameworksBuildPhase section */
		6AC40EFA265295EE00EC5E40 /* Frameworks */ = {
			isa = PBXFrameworksBuildPhase;
			buildActionMask = 2147483647;
			files = (
			);
			runOnlyForDeploymentPostprocessing = 0;
		};
		6AC40F0B265295EF00EC5E40 /* Frameworks */ = {
			isa = PBXFrameworksBuildPhase;
			buildActionMask = 2147483647;
			files = (
			);
			runOnlyForDeploymentPostprocessing = 0;
		};
/* End PBXFrameworksBuildPhase section */

/* Begin PBXGroup section */
		6AC40EF4265295EE00EC5E40 = {
			isa = PBXGroup;
			children = (
				6AC40EFF265295EE00EC5E40 /* WalkOn */,
				6AC40F11265295EF00EC5E40 /* WalkOnTests */,
				6AC40F1C265295EF00EC5E40 /* WalkOnUITests */,
				6AC40EFE265295EE00EC5E40 /* Products */,
			);
			sourceTree = "<group>";
		};
		6AC40EFE265295EE00EC5E40 /* Products */ = {
			isa = PBXGroup;
			children = (
				6AC40EFD265295EE00EC5E40 /* WalkOn.app */,
				6AC40F0E265295EF00EC5E40 /* WalkOnTests.xctest */,
			);
			name = Products;
			sourceTree = "<group>";
		};
		6AC40EFF265295EE00EC5E40 /* WalkOn */ = {
			isa = PBXGroup;
			children = (
				6AC40F00265295EE00EC5E40 /* WalkOnApp.swift */,
				6AC40F02265295EE00EC5E40 /* ContentView.swift */,
				6AC40F04265295EF00EC5E40 /* Assets.xcassets */,
				6AC40F09265295EF00EC5E40 /* Info.plist */,
				6AC40F06265295EF00EC5E40 /* Preview Content */,
			);
			path = WalkOn;
			sourceTree = "<group>";
		};
		6AC40F06265295EF00EC5E40 /* Preview Content */ = {
			isa = PBXGroup;
			children = (
				6AC40F07265295EF00EC5E40 /* Preview Assets.xcassets */,
			);
			path = "Preview Content";
			sourceTree = "<group>";
		};
		6AC40F11265295EF00EC5E40 /* WalkOnTests */ = {
			isa = PBXGroup;
			children = (
				6AC40F12265295EF00EC5E40 /* WalkOnTests.swift */,
				6AC40F14265295EF00EC5E40 /* Info.plist */,
			);
			path = WalkOnTests;
			sourceTree = "<group>";
		};
		6AC40F1C265295EF00EC5E40 /* WalkOnUITests */ = {
			isa = PBXGroup;
			children = (
				6AC40F1D265295EF00EC5E40 /* WalkOnUITests.swift */,
				6AC40F1F265295EF00EC5E40 /* Info.plist */,
			);
			path = WalkOnUITests;
			sourceTree = "<group>";
		};
/* End PBXGroup section */

/* Begin PBXNativeTarget section */
		6AC40EFC265295EE00EC5E40 /* WalkOn */ = {
			isa = PBXNativeTarget;
			buildConfigurationList = 6AC40F22265295EF00EC5E40 /* Build configuration list for PBXNativeTarget "WalkOn" */;
			buildPhases = (
				6AC40EF9265295EE00EC5E40 /* Sources */,
				6AC40EFA265295EE00EC5E40 /* Frameworks */,
				6AC40EFB265295EE00EC5E40 /* Resources */,
			);
			buildRules = (
			);
			dependencies = (
			);
			name = WalkOn;
			productName = WalkOn;
			productReference = 6AC40EFD265295EE00EC5E40 /* WalkOn.app */;
			productType = "com.apple.product-type.application";
		};
		6AC40F0D265295EF00EC5E40 /* WalkOnTests */ = {
			isa = PBXNativeTarget;
			buildConfigurationList = 6AC40F25265295EF00EC5E40 /* Build configuration list for PBXNativeTarget "WalkOnTests" */;
			buildPhases = (
				6AC40F0A265295EF00EC5E40 /* Sources */,
				6AC40F0B265295EF00EC5E40 /* Frameworks */,
				6AC40F0C265295EF00EC5E40 /* Resources */,
			);
			buildRules = (
			);
			dependencies = (
				6AC40F10265295EF00EC5E40 /* PBXTargetDependency */,
			);
			name = WalkOnTests;
			productName = WalkOnTests;
			productReference = 6AC40F0E265295EF00EC5E40 /* WalkOnTests.xctest */;
			productType = "com.apple.product-type.bundle.unit-test";
		};
/* End PBXNativeTarget section */

/* Begin PBXProject section */
		6AC40EF5265295EE00EC5E40 /* Project object */ = {
			isa = PBXProject;
			attributes = {
				LastSwiftUpdateCheck = 1250;
				LastUpgradeCheck = 1250;
				TargetAttributes = {
					6AC40EFC265295EE00EC5E40 = {
						CreatedOnToolsVersion = 12.5;
					};
					6AC40F0D265295EF00EC5E40 = {
						CreatedOnToolsVersion = 12.5;
						TestTargetID = 6AC40EFC265295EE00EC5E40;
					};
				};
			};
			buildConfigurationList = 6AC40EF8265295EE00EC5E40 /* Build configuration list for PBXProject "WalkOn" */;
			compatibilityVersion = "Xcode 9.3";
			developmentRegion = en;
			hasScannedForEncodings = 0;
			knownRegions = (
				en,
				Base,
			);
			mainGroup = 6AC40EF4265295EE00EC5E40;
			productRefGroup = 6AC40EFE265295EE00EC5E40 /* Products */;
			projectDirPath = "";
			projectRoot = "";
			targets = (
				6AC40EFC265295EE00EC5E40 /* WalkOn */,
				6AC40F0D265295EF00EC5E40 /* WalkOnTests */,
			);
		};
/* End PBXProject section */

/* Begin PBXResourcesBuildPhase section */
		6AC40EFB265295EE00EC5E40 /* Resources */ = {
			isa = PBXResourcesBuildPhase;
			buildActionMask = 2147483647;
			files = (
				6AC40F08265295EF00EC5E40 /* Preview Assets.xcassets in Resources */,
				6AC40F05265295EF00EC5E40 /* Assets.xcassets in Resources */,
			);
			runOnlyForDeploymentPostprocessing = 0;
		};
		6AC40F0C265295EF00EC5E40 /* Resources */ = {
			isa = PBXResourcesBuildPhase;
			buildActionMask = 2147483647;
			files = (
			);
			runOnlyForDeploymentPostprocessing = 0;
		};
/* End PBXResourcesBuildPhase section */

/* Begin PBXSourcesBuildPhase section */
		6AC40EF9265295EE00EC5E40 /* Sources */ = {
			isa = PBXSourcesBuildPhase;
			buildActionMask = 2147483647;
			files = (
				6AC40F03265295EE00EC5E40 /* ContentView.swift in Sources */,
				6AC40F01265295EE00EC5E40 /* WalkOnApp.swift in Sources */,
			);
			runOnlyForDeploymentPostprocessing = 0;
		};
		6AC40F0A265295EF00EC5E40 /* Sources */ = {
			isa = PBXSourcesBuildPhase;
			buildActionMask = 2147483647;
			files = (
				6AC40F13265295EF00EC5E40 /* WalkOnTests.swift in Sources */,
			);
			runOnlyForDeploymentPostprocessing = 0;
		};
/* End PBXSourcesBuildPhase section */

/* Begin PBXTargetDependency section */
		6AC40F10265295EF00EC5E40 /* PBXTargetDependency */ = {
			isa = PBXTargetDependency;
			target = 6AC40EFC265295EE00EC5E40 /* WalkOn */;
			targetProxy = 6AC40F0F265295EF00EC5E40 /* PBXContainerItemProxy */;
		};
/* End PBXTargetDependency section */

/* Begin XCBuildConfiguration section */
		6AC40F20265295EF00EC5E40 /* Debug */ = {
			isa = XCBuildConfiguration;
			buildSettings = {
				ALWAYS_SEARCH_USER_PATHS = NO;
				CLANG_ANALYZER_NONNULL = YES;
				CLANG_ANALYZER_NUMBER_OBJECT_CONVERSION = YES_AGGRESSIVE;
				CLANG_CXX_LANGUAGE_STANDARD = "gnu++14";
				CLANG_CXX_LIBRARY = "libc++";
				CLANG_ENABLE_MODULES = YES;
				CLANG_ENABLE_OBJC_ARC = YES;
				CLANG_ENABLE_OBJC_WEAK = YES;
				CLANG_WARN_BLOCK_CAPTURE_AUTORELEASING = YES;
				CLANG_WARN_BOOL_CONVERSION = YES;
				CLANG_WARN_COMMA = YES;
				CLANG_WARN_CONSTANT_CONVERSION = YES;
				CLANG_WARN_DEPRECATED_OBJC_IMPLEMENTATIONS = YES;
				CLANG_WARN_DIRECT_OBJC_ISA_USAGE = YES_ERROR;
				CLANG_WARN_DOCUMENTATION_COMMENTS = YES;
				CLANG_WARN_EMPTY_BODY = YES;
				CLANG_WARN_ENUM_CONVERSION = YES;
				CLANG_WARN_INFINITE_RECURSION = YES;
				CLANG_WARN_INT_CONVERSION = YES;
				CLANG_WARN_NON_LITERAL_NULL_CONVERSION = YES;
				CLANG_WARN_OBJC_IMPLICIT_RETAIN_SELF = YES;
				CLANG_WARN_OBJC_LITERAL_CONVERSION = YES;
				CLANG_WARN_OBJC_ROOT_CLASS = YES_ERROR;
				CLANG_WARN_QUOTED_INCLUDE_IN_FRAMEWORK_HEADER = YES;
				CLANG_WARN_RANGE_LOOP_ANALYSIS = YES;
				CLANG_WARN_STRICT_PROTOTYPES = YES;
				CLANG_WARN_SUSPICIOUS_MOVE = YES;
				CLANG_WARN_UNGUARDED_AVAILABILITY = YES_AGGRESSIVE;
				CLANG_WARN_UNREACHABLE_CODE = YES;
				CLANG_WARN__DUPLICATE_METHOD_MATCH = YES;
				COPY_PHASE_STRIP = NO;
				DEBUG_INFORMATION_FORMAT = dwarf;
				ENABLE_STRICT_OBJC_MSGSEND = YES;
				ENABLE_TESTABILITY = YES;
				GCC_C_LANGUAGE_STANDARD = gnu11;
				GCC_DYNAMIC_NO_PIC = NO;
				GCC_NO_COMMON_BLOCKS = YES;
				GCC_OPTIMIZATION_LEVEL = 0;
				GCC_PREPROCESSOR_DEFINITIONS = (
					"DEBUG=1",
					"$(inherited)",
				);
				GCC_WARN_64_TO_32_BIT_CONVERSION = YES;
				GCC_WARN_ABOUT_RETURN_TYPE = YES_ERROR;
				GCC_WARN_UNDECLARED_SELECTOR = YES;
				GCC_WARN_UNINITIALIZED_AUTOS = YES_AGGRESSIVE;
				GCC_WARN_UNUSED_FUNCTION = YES;
				GCC_WARN_UNUSED_VARIABLE = YES;
				IPHONEOS_DEPLOYMENT_TARGET = 14.5;
				MTL_ENABLE_DEBUG_INFO = INCLUDE_SOURCE;
				MTL_FAST_MATH = YES;
				ONLY_ACTIVE_ARCH = YES;
				SDKROOT = iphoneos;
				SWIFT_ACTIVE_COMPILATION_CONDITIONS = DEBUG;
				SWIFT_OPTIMIZATION_LEVEL = "-Onone";
			};
			name = Debug;
		};
		6AC40F21265295EF00EC5E40 /* Release */ = {
			isa = XCBuildConfiguration;
			buildSettings = {
				ALWAYS_SEARCH_USER_PATHS = NO;
				CLANG_ANALYZER_NONNULL = YES;
				CLANG_ANALYZER_NUMBER_OBJECT_CONVERSION = YES_AGGRESSIVE;
				CLANG_CXX_LANGUAGE_STANDARD = "gnu++14";
				CLANG_CXX_LIBRARY = "libc++";
				CLANG_ENABLE_MODULES = YES;
				CLANG_ENABLE_OBJC_ARC = YES;
				CLANG_ENABLE_OBJC_WEAK = YES;
				CLANG_WARN_BLOCK_CAPTURE_AUTORELEASING = YES;
				CLANG_WARN_BOOL_CONVERSION = YES;
				CLANG_WARN_COMMA = YES;
				CLANG_WARN_CONSTANT_CONVERSION = YES;
				CLANG_WARN_DEPRECATED_OBJC_IMPLEMENTATIONS = YES;
				CLANG_WARN_DIRECT_OBJC_ISA_USAGE = YES_ERROR;
				CLANG_WARN_DOCUMENTATION_COMMENTS = YES;
				CLANG_WARN_EMPTY_BODY = YES;
				CLANG_WARN_ENUM_CONVERSION = YES;
				CLANG_WARN_INFINITE_RECURSION = YES;
				CLANG_WARN_INT_CONVERSION = YES;
				CLANG_WARN_NON_LITERAL_NULL_CONVERSION = YES;
				CLANG_WARN_OBJC_IMPLICIT_RETAIN_SELF = YES;
				CLANG_WARN_OBJC_LITERAL_CONVERSION = YES;
				CLANG_WARN_OBJC_ROOT_CLASS = YES_ERROR;
				CLANG_WARN_QUOTED_INCLUDE_IN_FRAMEWORK_HEADER = YES;
				CLANG_WARN_RANGE_LOOP_ANALYSIS = YES;
				CLANG_WARN_STRICT_PROTOTYPES = YES;
				CLANG_WARN_SUSPICIOUS_MOVE = YES;
				CLANG_WARN_UNGUARDED_AVAILABILITY = YES_AGGRESSIVE;
				CLANG_WARN_UNREACHABLE_CODE = YES;
				CLANG_WARN__DUPLICATE_METHOD_MATCH = YES;
				COPY_PHASE_STRIP = NO;
				DEBUG_INFORMATION_FORMAT = "dwarf-with-dsym";
				ENABLE_NS_ASSERTIONS = NO;
				ENABLE_STRICT_OBJC_MSGSEND = YES;
				GCC_C_LANGUAGE_STANDARD = gnu11;
				GCC_NO_COMMON_BLOCKS = YES;
				GCC_WARN_64_TO_32_BIT_CONVERSION = YES;
				GCC_WARN_ABOUT_RETURN_TYPE = YES_ERROR;
				GCC_WARN_UNDECLARED_SELECTOR = YES;
				GCC_WARN_UNINITIALIZED_AUTOS = YES_AGGRESSIVE;
				GCC_WARN_UNUSED_FUNCTION = YES;
				GCC_WARN_UNUSED_VARIABLE = YES;
				IPHONEOS_DEPLOYMENT_TARGET = 14.5;
				MTL_ENABLE_DEBUG_INFO = NO;
				MTL_FAST_MATH = YES;
				SDKROOT = iphoneos;
				SWIFT_COMPILATION_MODE = wholemodule;
				SWIFT_OPTIMIZATION_LEVEL = "-O";
				VALIDATE_PRODUCT = YES;
			};
			name = Release;
		};
		6AC40F23265295EF00EC5E40 /* Debug */ = {
			isa = XCBuildConfiguration;
			buildSettings = {
				ASSETCATALOG_COMPILER_APPICON_NAME = AppIcon;
				ASSETCATALOG_COMPILER_GLOBAL_ACCENT_COLOR_NAME = AccentColor;
				CODE_SIGN_STYLE = Manual;
				DEVELOPMENT_ASSET_PATHS = "\"WalkOn/Preview Content\"";
				DEVELOPMENT_TEAM = "";
				ENABLE_PREVIEWS = YES;
				INFOPLIST_FILE = WalkOn/Info.plist;
				IPHONEOS_DEPLOYMENT_TARGET = 14.0;
				LD_RUNPATH_SEARCH_PATHS = (
					"$(inherited)",
					"@executable_path/Frameworks",
				);
				PRODUCT_BUNDLE_IDENTIFIER = Tris.WalkOn;
				PRODUCT_NAME = "$(TARGET_NAME)";
				PROVISIONING_PROFILE_SPECIFIER = "";
				SWIFT_VERSION = 5.0;
				TARGETED_DEVICE_FAMILY = "1,2";
			};
			name = Debug;
		};
		6AC40F24265295EF00EC5E40 /* Release */ = {
			isa = XCBuildConfiguration;
			buildSettings = {
				ASSETCATALOG_COMPILER_APPICON_NAME = AppIcon;
				ASSETCATALOG_COMPILER_GLOBAL_ACCENT_COLOR_NAME = AccentColor;
				CODE_SIGN_STYLE = Manual;
				DEVELOPMENT_ASSET_PATHS = "\"WalkOn/Preview Content\"";
				DEVELOPMENT_TEAM = "";
				ENABLE_PREVIEWS = YES;
				INFOPLIST_FILE = WalkOn/Info.plist;
				IPHONEOS_DEPLOYMENT_TARGET = 14.0;
				LD_RUNPATH_SEARCH_PATHS = (
					"$(inherited)",
					"@executable_path/Frameworks",
				);
				PRODUCT_BUNDLE_IDENTIFIER = Tris.WalkOn;
				PRODUCT_NAME = "$(TARGET_NAME)";
				PROVISIONING_PROFILE_SPECIFIER = "";
				SWIFT_VERSION = 5.0;
				TARGETED_DEVICE_FAMILY = "1,2";
			};
			name = Release;
		};
		6AC40F26265295EF00EC5E40 /* Debug */ = {
			isa = XCBuildConfiguration;
			buildSettings = {
				ALWAYS_EMBED_SWIFT_STANDARD_LIBRARIES = YES;
				BUNDLE_LOADER = "$(TEST_HOST)";
				CODE_SIGN_STYLE = Automatic;
				INFOPLIST_FILE = WalkOnTests/Info.plist;
				IPHONEOS_DEPLOYMENT_TARGET = 14.0;
				LD_RUNPATH_SEARCH_PATHS = (
					"$(inherited)",
					"@executable_path/Frameworks",
					"@loader_path/Frameworks",
				);
				PRODUCT_BUNDLE_IDENTIFIER = Tris.WalkOnTests;
				PRODUCT_NAME = "$(TARGET_NAME)";
				SWIFT_VERSION = 5.0;
				TARGETED_DEVICE_FAMILY = "1,2";
				TEST_HOST = "$(BUILT_PRODUCTS_DIR)/WalkOn.app/WalkOn";
			};
			name = Debug;
		};
		6AC40F27265295EF00EC5E40 /* Release */ = {
			isa = XCBuildConfiguration;
			buildSettings = {
				ALWAYS_EMBED_SWIFT_STANDARD_LIBRARIES = YES;
				BUNDLE_LOADER = "$(TEST_HOST)";
				CODE_SIGN_STYLE = Automatic;
				INFOPLIST_FILE = WalkOnTests/Info.plist;
				IPHONEOS_DEPLOYMENT_TARGET = 14.0;
				LD_RUNPATH_SEARCH_PATHS = (
					"$(inherited)",
					"@executable_path/Frameworks",
					"@loader_path/Frameworks",
				);
				PRODUCT_BUNDLE_IDENTIFIER = Tris.WalkOnTests;
				PRODUCT_NAME = "$(TARGET_NAME)";
				SWIFT_VERSION = 5.0;
				TARGETED_DEVICE_FAMILY = "1,2";
				TEST_HOST = "$(BUILT_PRODUCTS_DIR)/WalkOn.app/WalkOn";
			};
			name = Release;
		};
/* End XCBuildConfiguration section */

/* Begin XCConfigurationList section */
		6AC40EF8265295EE00EC5E40 /* Build configuration list for PBXProject "WalkOn" */ = {
			isa = XCConfigurationList;
			buildConfigurations = (
				6AC40F20265295EF00EC5E40 /* Debug */,
				6AC40F21265295EF00EC5E40 /* Release */,
			);
			defaultConfigurationIsVisible = 0;
			defaultConfigurationName = Release;
		};
		6AC40F22265295EF00EC5E40 /* Build configuration list for PBXNativeTarget "WalkOn" */ = {
			isa = XCConfigurationList;
			buildConfigurations = (
				6AC40F23265295EF00EC5E40 /* Debug */,
				6AC40F24265295EF00EC5E40 /* Release */,
			);
			defaultConfigurationIsVisible = 0;
			defaultConfigurationName = Release;
		};
		6AC40F25265295EF00EC5E40 /* Build configuration list for PBXNativeTarget "WalkOnTests" */ = {
			isa = XCConfigurationList;
			buildConfigurations = (
				6AC40F26265295EF00EC5E40 /* Debug */,
				6AC40F27265295EF00EC5E40 /* Release */,
			);
			defaultConfigurationIsVisible = 0;
			defaultConfigurationName = Release;
		};
/* End XCConfigurationList section */
	};
	rootObject = 6AC40EF5265295EE00EC5E40 /* Project object */;
}
